
Microsoft Visual Studio Solution File, Format Version 12.00
# Visual Studio Version 17
VisualStudioVersion = 17.14.36221.1 d17.14
MinimumVisualStudioVersion = 10.0.40219.1
Project("{FAE04EC0-301F-11D3-BF4B-00C04F79EFBC}") = "IdeaHub", "IdeaHub.csproj", "{8CABB48C-8190-4B7B-A5BC-4F3612F1C121}"
EndProject
Global
	GlobalSection(SolutionConfigurationPlatforms) = preSolution
		Debug|Any CPU = Debug|Any CPU
		Release|Any CPU = Release|Any CPU
	EndGlobalSection
	GlobalSection(ProjectConfigurationPlatforms) = postSolution
		{8CABB48C-8190-4B7B-A5BC-4F3612F1C121}.Debug|Any CPU.ActiveCfg = Debug|Any CPU
		{8CABB48C-8190-4B7B-A5BC-4F3612F1C121}.Debug|Any CPU.Build.0 = Debug|Any CPU
		{8CABB48C-8190-4B7B-A5BC-4F3612F1C121}.Release|Any CPU.ActiveCfg = Release|Any CPU
		{8CABB48C-8190-4B7B-A5BC-4F3612F1C121}.Release|Any CPU.Build.0 = Release|Any CPU
	EndGlobalSection
	GlobalSection(SolutionProperties) = preSolution
		HideSolutionNode = FALSE
	EndGlobalSection
	GlobalSection(ExtensibilityGlobals) = postSolution
		SolutionGuid = {E826CBCE-4FA6-4C34-93D3-23BB6F23C1D0}
	EndGlobalSection
EndGlobal
